
Microsoft Visual Studio Solution File, Format Version 12.00
# Visual Studio Version 16
VisualStudioVersion = 16.0.31112.23
MinimumVisualStudioVersion = 10.0.40219.1
Project("{FAE04EC0-301F-11D3-BF4B-00C04F79EFBC}") = "APP_PARCIAL", "APP_PARCIAL\APP_PARCIAL.csproj", "{DEED9602-2305-4ADC-A95B-FB60A2B06A34}"
EndProject
Global
	GlobalSection(SolutionConfigurationPlatforms) = preSolution
		Debug|Any CPU = Debug|Any CPU
		Release|Any CPU = Release|Any CPU
	EndGlobalSection
	GlobalSection(ProjectConfigurationPlatforms) = postSolution
		{DEED9602-2305-4ADC-A95B-FB60A2B06A34}.Debug|Any CPU.ActiveCfg = Debug|Any CPU
		{DEED9602-2305-4ADC-A95B-FB60A2B06A34}.Debug|Any CPU.Build.0 = Debug|Any CPU
		{DEED9602-2305-4ADC-A95B-FB60A2B06A34}.Release|Any CPU.ActiveCfg = Release|Any CPU
		{DEED9602-2305-4ADC-A95B-FB60A2B06A34}.Release|Any CPU.Build.0 = Release|Any CPU
	EndGlobalSection
	GlobalSection(SolutionProperties) = preSolution
		HideSolutionNode = FALSE
	EndGlobalSection
	GlobalSection(ExtensibilityGlobals) = postSolution
		SolutionGuid = {F0420513-29C7-427A-91B6-F83E239FD454}
	EndGlobalSection
EndGlobal
